
Microsoft Visual Studio Solution File, Format Version 12.00
# Visual Studio 2013
VisualStudioVersion = 12.0.31101.0
MinimumVisualStudioVersion = 10.0.40219.1
Project("{FAE04EC0-301F-11D3-BF4B-00C04F79EFBC}") = "ISApp.Core", "ISApp.Core\ISApp.Core.csproj", "{F8062128-CE16-4341-9E06-7380636404BB}"
EndProject
Project("{2150E333-8FDC-42A3-9474-1A3956D46DE8}") = "01. BUSINESS", "01. BUSINESS", "{E018FB01-844A-4239-9C80-FAC7B48580F1}"
EndProject
Project("{FAE04EC0-301F-11D3-BF4B-00C04F79EFBC}") = "ISApp.Services", "ISApp.Services\ISApp.Services.csproj", "{3AEFBE80-6659-40F9-BEAD-242172C9C78C}"
EndProject
Project("{2150E333-8FDC-42A3-9474-1A3956D46DE8}") = "02. INFRASTRUCTURE", "02. INFRASTRUCTURE", "{44660796-30C5-4C88-85BE-F213F4780B65}"
EndProject
Project("{FAE04EC0-301F-11D3-BF4B-00C04F79EFBC}") = "ISApp.Data", "ISApp.Data\ISApp.Data.csproj", "{A3E03B87-4A62-4277-B91A-ED4E206D33C7}"
EndProject
Project("{FAE04EC0-301F-11D3-BF4B-00C04F79EFBC}") = "ISApp.Logging", "ISApp.Logging\ISApp.Logging.csproj", "{819D8951-BF27-4697-B912-9D59E35CA197}"
EndProject
Project("{2150E333-8FDC-42A3-9474-1A3956D46DE8}") = "03. PRESENTATION", "03. PRESENTATION", "{B31109B8-DB9C-4D71-858C-208A00A30BC8}"
EndProject
Project("{FAE04EC0-301F-11D3-BF4B-00C04F79EFBC}") = "ISApp.Web", "ISApp.Web\ISApp.Web.csproj", "{A909B2B1-5D0F-4889-A69E-22F883215D7A}"
EndProject
Project("{FAE04EC0-301F-11D3-BF4B-00C04F79EFBC}") = "ISApp.Dto", "IsApp.Dto\ISApp.Dto.csproj", "{A06A4454-88AD-4545-B8C9-7CE58D31A1E5}"
EndProject
Project("{FAE04EC0-301F-11D3-BF4B-00C04F79EFBC}") = "ISApp.Business.Common", "ISApp.Common\ISApp.Business.Common.csproj", "{B20F977C-4A77-49E0-87E2-828588FB90E5}"
EndProject
Global
	GlobalSection(SolutionConfigurationPlatforms) = preSolution
		Debug|Any CPU = Debug|Any CPU
		Release|Any CPU = Release|Any CPU
	EndGlobalSection
	GlobalSection(ProjectConfigurationPlatforms) = postSolution
		{F8062128-CE16-4341-9E06-7380636404BB}.Debug|Any CPU.ActiveCfg = Debug|Any CPU
		{F8062128-CE16-4341-9E06-7380636404BB}.Debug|Any CPU.Build.0 = Debug|Any CPU
		{F8062128-CE16-4341-9E06-7380636404BB}.Release|Any CPU.ActiveCfg = Release|Any CPU
		{F8062128-CE16-4341-9E06-7380636404BB}.Release|Any CPU.Build.0 = Release|Any CPU
		{3AEFBE80-6659-40F9-BEAD-242172C9C78C}.Debug|Any CPU.ActiveCfg = Debug|Any CPU
		{3AEFBE80-6659-40F9-BEAD-242172C9C78C}.Debug|Any CPU.Build.0 = Debug|Any CPU
		{3AEFBE80-6659-40F9-BEAD-242172C9C78C}.Release|Any CPU.ActiveCfg = Release|Any CPU
		{3AEFBE80-6659-40F9-BEAD-242172C9C78C}.Release|Any CPU.Build.0 = Release|Any CPU
		{A3E03B87-4A62-4277-B91A-ED4E206D33C7}.Debug|Any CPU.ActiveCfg = Debug|Any CPU
		{A3E03B87-4A62-4277-B91A-ED4E206D33C7}.Debug|Any CPU.Build.0 = Debug|Any CPU
		{A3E03B87-4A62-4277-B91A-ED4E206D33C7}.Release|Any CPU.ActiveCfg = Release|Any CPU
		{A3E03B87-4A62-4277-B91A-ED4E206D33C7}.Release|Any CPU.Build.0 = Release|Any CPU
		{819D8951-BF27-4697-B912-9D59E35CA197}.Debug|Any CPU.ActiveCfg = Debug|Any CPU
		{819D8951-BF27-4697-B912-9D59E35CA197}.Debug|Any CPU.Build.0 = Debug|Any CPU
		{819D8951-BF27-4697-B912-9D59E35CA197}.Release|Any CPU.ActiveCfg = Release|Any CPU
		{819D8951-BF27-4697-B912-9D59E35CA197}.Release|Any CPU.Build.0 = Release|Any CPU
		{A909B2B1-5D0F-4889-A69E-22F883215D7A}.Debug|Any CPU.ActiveCfg = Debug|Any CPU
		{A909B2B1-5D0F-4889-A69E-22F883215D7A}.Debug|Any CPU.Build.0 = Debug|Any CPU
		{A909B2B1-5D0F-4889-A69E-22F883215D7A}.Release|Any CPU.ActiveCfg = Release|Any CPU
		{A909B2B1-5D0F-4889-A69E-22F883215D7A}.Release|Any CPU.Build.0 = Release|Any CPU
		{A06A4454-88AD-4545-B8C9-7CE58D31A1E5}.Debug|Any CPU.ActiveCfg = Debug|Any CPU
		{A06A4454-88AD-4545-B8C9-7CE58D31A1E5}.Debug|Any CPU.Build.0 = Debug|Any CPU
		{A06A4454-88AD-4545-B8C9-7CE58D31A1E5}.Release|Any CPU.ActiveCfg = Release|Any CPU
		{A06A4454-88AD-4545-B8C9-7CE58D31A1E5}.Release|Any CPU.Build.0 = Release|Any CPU
		{B20F977C-4A77-49E0-87E2-828588FB90E5}.Debug|Any CPU.ActiveCfg = Debug|Any CPU
		{B20F977C-4A77-49E0-87E2-828588FB90E5}.Debug|Any CPU.Build.0 = Debug|Any CPU
		{B20F977C-4A77-49E0-87E2-828588FB90E5}.Release|Any CPU.ActiveCfg = Release|Any CPU
		{B20F977C-4A77-49E0-87E2-828588FB90E5}.Release|Any CPU.Build.0 = Release|Any CPU
	EndGlobalSection
	GlobalSection(SolutionProperties) = preSolution
		HideSolutionNode = FALSE
	EndGlobalSection
	GlobalSection(NestedProjects) = preSolution
		{F8062128-CE16-4341-9E06-7380636404BB} = {E018FB01-844A-4239-9C80-FAC7B48580F1}
		{3AEFBE80-6659-40F9-BEAD-242172C9C78C} = {E018FB01-844A-4239-9C80-FAC7B48580F1}
		{A3E03B87-4A62-4277-B91A-ED4E206D33C7} = {44660796-30C5-4C88-85BE-F213F4780B65}
		{819D8951-BF27-4697-B912-9D59E35CA197} = {44660796-30C5-4C88-85BE-F213F4780B65}
		{A909B2B1-5D0F-4889-A69E-22F883215D7A} = {B31109B8-DB9C-4D71-858C-208A00A30BC8}
		{A06A4454-88AD-4545-B8C9-7CE58D31A1E5} = {E018FB01-844A-4239-9C80-FAC7B48580F1}
		{B20F977C-4A77-49E0-87E2-828588FB90E5} = {E018FB01-844A-4239-9C80-FAC7B48580F1}
	EndGlobalSection
EndGlobal
